
Microsoft Visual Studio Solution File, Format Version 12.00
# Visual Studio Version 17
VisualStudioVersion = 17.2.32616.157
MinimumVisualStudioVersion = 10.0.40219.1
Project("{9A19103F-16F7-4668-BE54-9A1E7A4F7556}") = "ConsoleApp2", "ConsoleApp2\ConsoleApp2.csproj", "{C3FB39C0-1537-49B2-899A-1231301111A9}"
EndProject
Project("{9A19103F-16F7-4668-BE54-9A1E7A4F7556}") = "Client", "Client\Client.csproj", "{D99829A6-C479-4EC9-9DAE-FA8855D4C2F8}"
EndProject
Project("{FAE04EC0-301F-11D3-BF4B-00C04F79EFBC}") = "FriendClient", "FriendClient\FriendClient.csproj", "{CC98744F-D616-4DD8-A56C-E13192B8F44E}"
EndProject
Global
	GlobalSection(SolutionConfigurationPlatforms) = preSolution
		Debug|Any CPU = Debug|Any CPU
		Release|Any CPU = Release|Any CPU
	EndGlobalSection
	GlobalSection(ProjectConfigurationPlatforms) = postSolution
		{C3FB39C0-1537-49B2-899A-1231301111A9}.Debug|Any CPU.ActiveCfg = Debug|Any CPU
		{C3FB39C0-1537-49B2-899A-1231301111A9}.Debug|Any CPU.Build.0 = Debug|Any CPU
		{C3FB39C0-1537-49B2-899A-1231301111A9}.Release|Any CPU.ActiveCfg = Release|Any CPU
		{C3FB39C0-1537-49B2-899A-1231301111A9}.Release|Any CPU.Build.0 = Release|Any CPU
		{D99829A6-C479-4EC9-9DAE-FA8855D4C2F8}.Debug|Any CPU.ActiveCfg = Debug|Any CPU
		{D99829A6-C479-4EC9-9DAE-FA8855D4C2F8}.Debug|Any CPU.Build.0 = Debug|Any CPU
		{D99829A6-C479-4EC9-9DAE-FA8855D4C2F8}.Release|Any CPU.ActiveCfg = Release|Any CPU
		{D99829A6-C479-4EC9-9DAE-FA8855D4C2F8}.Release|Any CPU.Build.0 = Release|Any CPU
		{CC98744F-D616-4DD8-A56C-E13192B8F44E}.Debug|Any CPU.ActiveCfg = Debug|Any CPU
		{CC98744F-D616-4DD8-A56C-E13192B8F44E}.Debug|Any CPU.Build.0 = Debug|Any CPU
		{CC98744F-D616-4DD8-A56C-E13192B8F44E}.Release|Any CPU.ActiveCfg = Release|Any CPU
		{CC98744F-D616-4DD8-A56C-E13192B8F44E}.Release|Any CPU.Build.0 = Release|Any CPU
	EndGlobalSection
	GlobalSection(SolutionProperties) = preSolution
		HideSolutionNode = FALSE
	EndGlobalSection
	GlobalSection(ExtensibilityGlobals) = postSolution
		SolutionGuid = {2A8255BA-4D06-48F7-A8F1-5B3FE793B107}
	EndGlobalSection
EndGlobal
